// !$*UTF8*$!
{
	archiveVersion = 1;
	classes = {};
	objectVersion = 56;
	objects = {

/* Begin PBXBuildFile section */
		964DC9B031C0428EA033912D /* App/AppDependenciesEnvironment.swift in Sources */ = {isa = PBXBuildFile; fileRef = 952A5BA07F9C4D539707136F /* App/AppDependenciesEnvironment.swift */; };
		E813034920444E748E41651F /* App/AppDependencyContainer.swift in Sources */ = {isa = PBXBuildFile; fileRef = D14AC70660A04A5A9779AF2A /* App/AppDependencyContainer.swift */; };
		A26B529CC919440E91CEE6F7 /* App/AppRoute.swift in Sources */ = {isa = PBXBuildFile; fileRef = 6C3A309D663E44AE9907AF5F /* App/AppRoute.swift */; };
		B89743CD22F54864B2C993A5 /* App/AppRouter.swift in Sources */ = {isa = PBXBuildFile; fileRef = 2A685822CA6A42CBBE145B8C /* App/AppRouter.swift */; };
		9044CD6343D944DA8DD3D88A /* App/AppState.swift in Sources */ = {isa = PBXBuildFile; fileRef = CB332FA73A5F4551941937A2 /* App/AppState.swift */; };
		E3BE8FADBFE749C9853C7761 /* App/SmoruApp.swift in Sources */ = {isa = PBXBuildFile; fileRef = 67E674859BA24038BF15DCF1 /* App/SmoruApp.swift */; };
		D3257B0C2CC54C81A4DACFF7 /* App/SmoruRootView.swift in Sources */ = {isa = PBXBuildFile; fileRef = 07D1D04F5EAB4FE88561BEE3 /* App/SmoruRootView.swift */; };
		9706C1F91CB648379C282C83 /* Core/Auth/AuthManager.swift in Sources */ = {isa = PBXBuildFile; fileRef = 8E7C8D184C044061BAFD25D6 /* Core/Auth/AuthManager.swift */; };
		35DEC16994E74FEEB3A7154D /* Core/Firebase/FirebaseClient.swift in Sources */ = {isa = PBXBuildFile; fileRef = 77683CD6035F4D4CB3B3BBA7 /* Core/Firebase/FirebaseClient.swift */; };
		25AE52CD6E1549CDBBF4B352 /* Core/Firebase/FirebaseConfig.example.swift in Sources */ = {isa = PBXBuildFile; fileRef = 5D882BEB1741464EA6082B59 /* Core/Firebase/FirebaseConfig.example.swift */; };
		FC3F4D49A72A44D2BB5C187A /* Core/HealthKit/HealthKitManager.swift in Sources */ = {isa = PBXBuildFile; fileRef = 7888326AD9BF4261B77B0B09 /* Core/HealthKit/HealthKitManager.swift */; };
		C04388D7BC3149CD88C98349 /* Core/HealthKit/HealthKitTypes.swift in Sources */ = {isa = PBXBuildFile; fileRef = 4A3C13C88EFD43CAAAB66428 /* Core/HealthKit/HealthKitTypes.swift */; };
		C57611E62CDB4899A639BC61 /* Core/Logging/AppLogger.swift in Sources */ = {isa = PBXBuildFile; fileRef = B6723F438DAF4879ABA10BFC /* Core/Logging/AppLogger.swift */; };
		E677AF931B3E4797B8ECC585 /* Core/Notifications/NotificationManager.swift in Sources */ = {isa = PBXBuildFile; fileRef = 3C7A8453A5C748079951FB9F /* Core/Notifications/NotificationManager.swift */; };
		0A7CACCBFAD54960BC0E250D /* Core/Security/KeychainStore.swift in Sources */ = {isa = PBXBuildFile; fileRef = 6C06642350064B37AE02C48E /* Core/Security/KeychainStore.swift */; };
		A3ADC542478E4B3A99924A34 /* Data/Models/DailySleepSummaryModel.swift in Sources */ = {isa = PBXBuildFile; fileRef = D753FF9B07A3420E87859002 /* Data/Models/DailySleepSummaryModel.swift */; };
		53472EA76BAA4D8CA5CDF5EF /* Data/Models/ManualConditionInputModel.swift in Sources */ = {isa = PBXBuildFile; fileRef = 0CEBAE2131294D4B8CD3249C /* Data/Models/ManualConditionInputModel.swift */; };
		7521B4FC715D4878894DC275 /* Data/Models/NightChecklistItemModel.swift in Sources */ = {isa = PBXBuildFile; fileRef = 97D664DAF5174519887641E0 /* Data/Models/NightChecklistItemModel.swift */; };
		9B960B670029490A89924031 /* Data/Models/NightChecklistRecordModel.swift in Sources */ = {isa = PBXBuildFile; fileRef = A701E993AE6D4860983A3F11 /* Data/Models/NightChecklistRecordModel.swift */; };
		E0E5A3FAB45B4F7CBBC4570F /* Data/Models/RoutineModeVariantModel.swift in Sources */ = {isa = PBXBuildFile; fileRef = DEA2C30CC9DE42238A658451 /* Data/Models/RoutineModeVariantModel.swift */; };
		EFC6C625F46D47439F2EDE78 /* Data/Models/RoutineSessionModel.swift in Sources */ = {isa = PBXBuildFile; fileRef = 55FD03FE041A4232A0524E26 /* Data/Models/RoutineSessionModel.swift */; };
		A3A092B3F6B44D38AEC41327 /* Data/Models/RoutineTaskModel.swift in Sources */ = {isa = PBXBuildFile; fileRef = 15084EE41EC74654AB51C9DC /* Data/Models/RoutineTaskModel.swift */; };
		E7B46BFE09F44E3AADE84EA9 /* Data/Models/RoutineTaskRecordModel.swift in Sources */ = {isa = PBXBuildFile; fileRef = 7DCD9EB39BA245F7BAD9A84C /* Data/Models/RoutineTaskRecordModel.swift */; };
		3894E0B9877648E09257D7A1 /* Data/Models/RoutineTemplateModel.swift in Sources */ = {isa = PBXBuildFile; fileRef = 6D3380837EDA47059CFB1D42 /* Data/Models/RoutineTemplateModel.swift */; };
		2C32CB34A69544F284F2CE0C /* Data/Models/SleepConditionScoreModel.swift in Sources */ = {isa = PBXBuildFile; fileRef = B6B5BAC33A08412AAB180BBE /* Data/Models/SleepConditionScoreModel.swift */; };
		E9865DFE440D4727BB304EB0 /* Data/Models/SleepFragmentParametersModel.swift in Sources */ = {isa = PBXBuildFile; fileRef = 9ADE83F39CBB4276A2DA8A25 /* Data/Models/SleepFragmentParametersModel.swift */; };
		024C99CB792849FA837E7A24 /* Data/Models/UserSettingsModel.swift in Sources */ = {isa = PBXBuildFile; fileRef = 31B790DDEB5E4AAE95A93807 /* Data/Models/UserSettingsModel.swift */; };
		0D71DC564DDD483E96A88CA3 /* Data/Repositories/PlaceholderRemoteRepositories.swift in Sources */ = {isa = PBXBuildFile; fileRef = 77A0F8FCFF224CB585F02291 /* Data/Repositories/PlaceholderRemoteRepositories.swift */; };
		EC82B0606D924AC0A7307EFA /* Data/Repositories/RepositoryInterfaces.swift in Sources */ = {isa = PBXBuildFile; fileRef = 68023C27107E4F77AF474915 /* Data/Repositories/RepositoryInterfaces.swift */; };
		E7A3104FA19341C7BF30D89C /* DesignSystem/Colors.swift in Sources */ = {isa = PBXBuildFile; fileRef = A235D44C4AF1487889B53940 /* DesignSystem/Colors.swift */; };
		F63E0DE733B94B3187D5EE52 /* DesignSystem/Components/PrimaryButton.swift in Sources */ = {isa = PBXBuildFile; fileRef = AC44AEBEC8464E15870F0FBC /* DesignSystem/Components/PrimaryButton.swift */; };
		164E3E72604D4E5094FB9FB8 /* DesignSystem/SleepFragmentView.swift in Sources */ = {isa = PBXBuildFile; fileRef = F44085BCFB684B46841BB4C7 /* DesignSystem/SleepFragmentView.swift */; };
		690A9FD69EB14ECE94F7E956 /* DesignSystem/Typography.swift in Sources */ = {isa = PBXBuildFile; fileRef = 57C2266F811D45A2A0D6E7BB /* DesignSystem/Typography.swift */; };
		F6F1E8A6FC054B15B3B84946 /* Domain/Routine/RoutineDomainTypes.swift in Sources */ = {isa = PBXBuildFile; fileRef = 7D2E3AE84CF34EFDAF389688 /* Domain/Routine/RoutineDomainTypes.swift */; };
		CFBD737FBD6C429D9822F38A /* Domain/Routine/RoutineModeEngine.swift in Sources */ = {isa = PBXBuildFile; fileRef = 49879300416E4D8C83DB2A73 /* Domain/Routine/RoutineModeEngine.swift */; };
		FB4E0E1AEA8A4D0FABAD57E7 /* Domain/Routine/RoutineScheduleEngine.swift in Sources */ = {isa = PBXBuildFile; fileRef = 6E0734873BA144E8B41EAEEB /* Domain/Routine/RoutineScheduleEngine.swift */; };
		B654775215CF45E58695F923 /* Domain/Routine/RoutineSessionEngine.swift in Sources */ = {isa = PBXBuildFile; fileRef = 2915B63962D14723ACBACB01 /* Domain/Routine/RoutineSessionEngine.swift */; };
		7E636992EB064DBEBCBD05FC /* Domain/SampleData/DomainSampleData.swift in Sources */ = {isa = PBXBuildFile; fileRef = 5B626D8183404D068B7F402B /* Domain/SampleData/DomainSampleData.swift */; };
		B47BB6C5C5C543A8994090CC /* Domain/Shared/DomainEnums.swift in Sources */ = {isa = PBXBuildFile; fileRef = CB1A8BD327A54B58B0C47278 /* Domain/Shared/DomainEnums.swift */; };
		77168120DEA14783B6E8CB9E /* Domain/Sleep/SleepConditionScoreEngine.swift in Sources */ = {isa = PBXBuildFile; fileRef = 6C5C3CB12D4446AB8A2175EE /* Domain/Sleep/SleepConditionScoreEngine.swift */; };
		E62F08BAC7DD4AF99CAAF72D /* Domain/Sleep/SleepDomainTypes.swift in Sources */ = {isa = PBXBuildFile; fileRef = 82C038237AE94E238675C2EB /* Domain/Sleep/SleepDomainTypes.swift */; };
		74B08C2FBF924E7D99903941 /* Domain/Sleep/SleepFragmentParameterEngine.swift in Sources */ = {isa = PBXBuildFile; fileRef = BD05969EC23F4CC88F3E858D /* Domain/Sleep/SleepFragmentParameterEngine.swift */; };
		46EAA92A23AA4679B6366AAA /* Domain/Sleep/SleepMapping+Models.swift in Sources */ = {isa = PBXBuildFile; fileRef = 6DD5060F79DE4692857444DE /* Domain/Sleep/SleepMapping+Models.swift */; };
		C9B83D10D2174ABBAEA566ED /* Features/Entry/EntryView.swift in Sources */ = {isa = PBXBuildFile; fileRef = 1118DD189AD04984A51477FB /* Features/Entry/EntryView.swift */; };
		71D26B318B994A34855A050C /* Features/Entry/TrialHomeView.swift in Sources */ = {isa = PBXBuildFile; fileRef = 5CF28ACAF6ED40948B82E361 /* Features/Entry/TrialHomeView.swift */; };
		7731326758AE4F5F98E00F03 /* Features/History/DateDetailView.swift in Sources */ = {isa = PBXBuildFile; fileRef = 4853EEA622CD4B67BC4EE17C /* Features/History/DateDetailView.swift */; };
		792F1A76D9FF4DAE8960ECBB /* Features/History/HistoryView.swift in Sources */ = {isa = PBXBuildFile; fileRef = 5C55AFBDB3B640A588F7A10C /* Features/History/HistoryView.swift */; };
		6BA35F3606D04442A067E88F /* Features/Home/HomeView.swift in Sources */ = {isa = PBXBuildFile; fileRef = 7AFA660CB70C4F80ACA6FB28 /* Features/Home/HomeView.swift */; };
		29DF7FAE129C4FB0B79E282F /* Features/Onboarding/HealthKitIntroView.swift in Sources */ = {isa = PBXBuildFile; fileRef = 878218CB8815469099D24AC9 /* Features/Onboarding/HealthKitIntroView.swift */; };
		287DF57236C04EB8AF8DC357 /* Features/Onboarding/HealthKitPermissionStateView.swift in Sources */ = {isa = PBXBuildFile; fileRef = 52AE304FEEA140CC94B1A39F /* Features/Onboarding/HealthKitPermissionStateView.swift */; };
		E4C0B9D4D53A45F2B69D7A22 /* Features/Onboarding/ManualConditionInputView.swift in Sources */ = {isa = PBXBuildFile; fileRef = 1A975E46AA324629BC40C265 /* Features/Onboarding/ManualConditionInputView.swift */; };
		9911731098AA4CD199D942B4 /* Features/RoutineFocus/RoutineFocusView.swift in Sources */ = {isa = PBXBuildFile; fileRef = E9C5F3760D504BD9BD8F1D8E /* Features/RoutineFocus/RoutineFocusView.swift */; };
		2840E7E794AA415A98454394 /* Features/RoutineSetup/RoutineSetupView.swift in Sources */ = {isa = PBXBuildFile; fileRef = 67FB1B7ACB534CDFA5076906 /* Features/RoutineSetup/RoutineSetupView.swift */; };
		377721751DBF4D00B9641AC8 /* Features/RoutineSetup/RoutineTemplateSelectionView.swift in Sources */ = {isa = PBXBuildFile; fileRef = BE90C72240A04EDA8176ACAA /* Features/RoutineSetup/RoutineTemplateSelectionView.swift */; };
		9B12F4FACAB64B54875F77CC /* Features/RoutineSetup/TaskEditorView.swift in Sources */ = {isa = PBXBuildFile; fileRef = 1F93364CD3E54BAFB0343F8C /* Features/RoutineSetup/TaskEditorView.swift */; };
		2D7CE92873FB4C1DA18BC4A0 /* Features/Settings/ErrorReportView.swift in Sources */ = {isa = PBXBuildFile; fileRef = C94273B11F7E4092A3D4CE4A /* Features/Settings/ErrorReportView.swift */; };
		FA45F1C47AE84CFEAEC471E3 /* Features/Settings/FeatureRequestView.swift in Sources */ = {isa = PBXBuildFile; fileRef = ADC1C9C0B5874BEB8950B83B /* Features/Settings/FeatureRequestView.swift */; };
		B5AC345EE5E44B8C9F0ADB87 /* Features/Settings/PrivacyDataView.swift in Sources */ = {isa = PBXBuildFile; fileRef = D90C5B0F988040DFA47C66AB /* Features/Settings/PrivacyDataView.swift */; };
		D745EBDDA18347299208485D /* Features/Settings/SettingsView.swift in Sources */ = {isa = PBXBuildFile; fileRef = 5AC380D332104FFB97411118 /* Features/Settings/SettingsView.swift */; };
		F05DAAFAB3744918BB082AE8 /* Features/Shared/PlaceholderScreen.swift in Sources */ = {isa = PBXBuildFile; fileRef = 5E4182528F4E4215AF3B17A8 /* Features/Shared/PlaceholderScreen.swift */; };
		B23D7B8517D8432F8C5A90AA /* Features/SleepReport/SleepReportView.swift in Sources */ = {isa = PBXBuildFile; fileRef = 954789E2EB124DCDBAE16CB7 /* Features/SleepReport/SleepReportView.swift */; };
/* End PBXBuildFile section */

/* Begin PBXFileReference section */
		0D3CA3D3B8E6455B9FF6F5C0 /* Smoru.app */ = {isa = PBXFileReference; explicitFileType = wrapper.application; includeInIndex = 0; path = Smoru.app; sourceTree = BUILT_PRODUCTS_DIR; };
		952A5BA07F9C4D539707136F /* App/AppDependenciesEnvironment.swift */ = {isa = PBXFileReference; lastKnownFileType = sourcecode.swift; path = App/AppDependenciesEnvironment.swift; sourceTree = "<group>"; };
		D14AC70660A04A5A9779AF2A /* App/AppDependencyContainer.swift */ = {isa = PBXFileReference; lastKnownFileType = sourcecode.swift; path = App/AppDependencyContainer.swift; sourceTree = "<group>"; };
		6C3A309D663E44AE9907AF5F /* App/AppRoute.swift */ = {isa = PBXFileReference; lastKnownFileType = sourcecode.swift; path = App/AppRoute.swift; sourceTree = "<group>"; };
		2A685822CA6A42CBBE145B8C /* App/AppRouter.swift */ = {isa = PBXFileReference; lastKnownFileType = sourcecode.swift; path = App/AppRouter.swift; sourceTree = "<group>"; };
		CB332FA73A5F4551941937A2 /* App/AppState.swift */ = {isa = PBXFileReference; lastKnownFileType = sourcecode.swift; path = App/AppState.swift; sourceTree = "<group>"; };
		67E674859BA24038BF15DCF1 /* App/SmoruApp.swift */ = {isa = PBXFileReference; lastKnownFileType = sourcecode.swift; path = App/SmoruApp.swift; sourceTree = "<group>"; };
		07D1D04F5EAB4FE88561BEE3 /* App/SmoruRootView.swift */ = {isa = PBXFileReference; lastKnownFileType = sourcecode.swift; path = App/SmoruRootView.swift; sourceTree = "<group>"; };
		8E7C8D184C044061BAFD25D6 /* Core/Auth/AuthManager.swift */ = {isa = PBXFileReference; lastKnownFileType = sourcecode.swift; path = Core/Auth/AuthManager.swift; sourceTree = "<group>"; };
		77683CD6035F4D4CB3B3BBA7 /* Core/Firebase/FirebaseClient.swift */ = {isa = PBXFileReference; lastKnownFileType = sourcecode.swift; path = Core/Firebase/FirebaseClient.swift; sourceTree = "<group>"; };
		5D882BEB1741464EA6082B59 /* Core/Firebase/FirebaseConfig.example.swift */ = {isa = PBXFileReference; lastKnownFileType = sourcecode.swift; path = Core/Firebase/FirebaseConfig.example.swift; sourceTree = "<group>"; };
		7888326AD9BF4261B77B0B09 /* Core/HealthKit/HealthKitManager.swift */ = {isa = PBXFileReference; lastKnownFileType = sourcecode.swift; path = Core/HealthKit/HealthKitManager.swift; sourceTree = "<group>"; };
		4A3C13C88EFD43CAAAB66428 /* Core/HealthKit/HealthKitTypes.swift */ = {isa = PBXFileReference; lastKnownFileType = sourcecode.swift; path = Core/HealthKit/HealthKitTypes.swift; sourceTree = "<group>"; };
		B6723F438DAF4879ABA10BFC /* Core/Logging/AppLogger.swift */ = {isa = PBXFileReference; lastKnownFileType = sourcecode.swift; path = Core/Logging/AppLogger.swift; sourceTree = "<group>"; };
		3C7A8453A5C748079951FB9F /* Core/Notifications/NotificationManager.swift */ = {isa = PBXFileReference; lastKnownFileType = sourcecode.swift; path = Core/Notifications/NotificationManager.swift; sourceTree = "<group>"; };
		6C06642350064B37AE02C48E /* Core/Security/KeychainStore.swift */ = {isa = PBXFileReference; lastKnownFileType = sourcecode.swift; path = Core/Security/KeychainStore.swift; sourceTree = "<group>"; };
		D753FF9B07A3420E87859002 /* Data/Models/DailySleepSummaryModel.swift */ = {isa = PBXFileReference; lastKnownFileType = sourcecode.swift; path = Data/Models/DailySleepSummaryModel.swift; sourceTree = "<group>"; };
		0CEBAE2131294D4B8CD3249C /* Data/Models/ManualConditionInputModel.swift */ = {isa = PBXFileReference; lastKnownFileType = sourcecode.swift; path = Data/Models/ManualConditionInputModel.swift; sourceTree = "<group>"; };
		97D664DAF5174519887641E0 /* Data/Models/NightChecklistItemModel.swift */ = {isa = PBXFileReference; lastKnownFileType = sourcecode.swift; path = Data/Models/NightChecklistItemModel.swift; sourceTree = "<group>"; };
		A701E993AE6D4860983A3F11 /* Data/Models/NightChecklistRecordModel.swift */ = {isa = PBXFileReference; lastKnownFileType = sourcecode.swift; path = Data/Models/NightChecklistRecordModel.swift; sourceTree = "<group>"; };
		DEA2C30CC9DE42238A658451 /* Data/Models/RoutineModeVariantModel.swift */ = {isa = PBXFileReference; lastKnownFileType = sourcecode.swift; path = Data/Models/RoutineModeVariantModel.swift; sourceTree = "<group>"; };
		55FD03FE041A4232A0524E26 /* Data/Models/RoutineSessionModel.swift */ = {isa = PBXFileReference; lastKnownFileType = sourcecode.swift; path = Data/Models/RoutineSessionModel.swift; sourceTree = "<group>"; };
		15084EE41EC74654AB51C9DC /* Data/Models/RoutineTaskModel.swift */ = {isa = PBXFileReference; lastKnownFileType = sourcecode.swift; path = Data/Models/RoutineTaskModel.swift; sourceTree = "<group>"; };
		7DCD9EB39BA245F7BAD9A84C /* Data/Models/RoutineTaskRecordModel.swift */ = {isa = PBXFileReference; lastKnownFileType = sourcecode.swift; path = Data/Models/RoutineTaskRecordModel.swift; sourceTree = "<group>"; };
		6D3380837EDA47059CFB1D42 /* Data/Models/RoutineTemplateModel.swift */ = {isa = PBXFileReference; lastKnownFileType = sourcecode.swift; path = Data/Models/RoutineTemplateModel.swift; sourceTree = "<group>"; };
		B6B5BAC33A08412AAB180BBE /* Data/Models/SleepConditionScoreModel.swift */ = {isa = PBXFileReference; lastKnownFileType = sourcecode.swift; path = Data/Models/SleepConditionScoreModel.swift; sourceTree = "<group>"; };
		9ADE83F39CBB4276A2DA8A25 /* Data/Models/SleepFragmentParametersModel.swift */ = {isa = PBXFileReference; lastKnownFileType = sourcecode.swift; path = Data/Models/SleepFragmentParametersModel.swift; sourceTree = "<group>"; };
		31B790DDEB5E4AAE95A93807 /* Data/Models/UserSettingsModel.swift */ = {isa = PBXFileReference; lastKnownFileType = sourcecode.swift; path = Data/Models/UserSettingsModel.swift; sourceTree = "<group>"; };
		77A0F8FCFF224CB585F02291 /* Data/Repositories/PlaceholderRemoteRepositories.swift */ = {isa = PBXFileReference; lastKnownFileType = sourcecode.swift; path = Data/Repositories/PlaceholderRemoteRepositories.swift; sourceTree = "<group>"; };
		68023C27107E4F77AF474915 /* Data/Repositories/RepositoryInterfaces.swift */ = {isa = PBXFileReference; lastKnownFileType = sourcecode.swift; path = Data/Repositories/RepositoryInterfaces.swift; sourceTree = "<group>"; };
		A235D44C4AF1487889B53940 /* DesignSystem/Colors.swift */ = {isa = PBXFileReference; lastKnownFileType = sourcecode.swift; path = DesignSystem/Colors.swift; sourceTree = "<group>"; };
		AC44AEBEC8464E15870F0FBC /* DesignSystem/Components/PrimaryButton.swift */ = {isa = PBXFileReference; lastKnownFileType = sourcecode.swift; path = DesignSystem/Components/PrimaryButton.swift; sourceTree = "<group>"; };
		F44085BCFB684B46841BB4C7 /* DesignSystem/SleepFragmentView.swift */ = {isa = PBXFileReference; lastKnownFileType = sourcecode.swift; path = DesignSystem/SleepFragmentView.swift; sourceTree = "<group>"; };
		57C2266F811D45A2A0D6E7BB /* DesignSystem/Typography.swift */ = {isa = PBXFileReference; lastKnownFileType = sourcecode.swift; path = DesignSystem/Typography.swift; sourceTree = "<group>"; };
		7D2E3AE84CF34EFDAF389688 /* Domain/Routine/RoutineDomainTypes.swift */ = {isa = PBXFileReference; lastKnownFileType = sourcecode.swift; path = Domain/Routine/RoutineDomainTypes.swift; sourceTree = "<group>"; };
		49879300416E4D8C83DB2A73 /* Domain/Routine/RoutineModeEngine.swift */ = {isa = PBXFileReference; lastKnownFileType = sourcecode.swift; path = Domain/Routine/RoutineModeEngine.swift; sourceTree = "<group>"; };
		6E0734873BA144E8B41EAEEB /* Domain/Routine/RoutineScheduleEngine.swift */ = {isa = PBXFileReference; lastKnownFileType = sourcecode.swift; path = Domain/Routine/RoutineScheduleEngine.swift; sourceTree = "<group>"; };
		2915B63962D14723ACBACB01 /* Domain/Routine/RoutineSessionEngine.swift */ = {isa = PBXFileReference; lastKnownFileType = sourcecode.swift; path = Domain/Routine/RoutineSessionEngine.swift; sourceTree = "<group>"; };
		5B626D8183404D068B7F402B /* Domain/SampleData/DomainSampleData.swift */ = {isa = PBXFileReference; lastKnownFileType = sourcecode.swift; path = Domain/SampleData/DomainSampleData.swift; sourceTree = "<group>"; };
		CB1A8BD327A54B58B0C47278 /* Domain/Shared/DomainEnums.swift */ = {isa = PBXFileReference; lastKnownFileType = sourcecode.swift; path = Domain/Shared/DomainEnums.swift; sourceTree = "<group>"; };
		6C5C3CB12D4446AB8A2175EE /* Domain/Sleep/SleepConditionScoreEngine.swift */ = {isa = PBXFileReference; lastKnownFileType = sourcecode.swift; path = Domain/Sleep/SleepConditionScoreEngine.swift; sourceTree = "<group>"; };
		82C038237AE94E238675C2EB /* Domain/Sleep/SleepDomainTypes.swift */ = {isa = PBXFileReference; lastKnownFileType = sourcecode.swift; path = Domain/Sleep/SleepDomainTypes.swift; sourceTree = "<group>"; };
		BD05969EC23F4CC88F3E858D /* Domain/Sleep/SleepFragmentParameterEngine.swift */ = {isa = PBXFileReference; lastKnownFileType = sourcecode.swift; path = Domain/Sleep/SleepFragmentParameterEngine.swift; sourceTree = "<group>"; };
		6DD5060F79DE4692857444DE /* Domain/Sleep/SleepMapping+Models.swift */ = {isa = PBXFileReference; lastKnownFileType = sourcecode.swift; path = Domain/Sleep/SleepMapping+Models.swift; sourceTree = "<group>"; };
		1118DD189AD04984A51477FB /* Features/Entry/EntryView.swift */ = {isa = PBXFileReference; lastKnownFileType = sourcecode.swift; path = Features/Entry/EntryView.swift; sourceTree = "<group>"; };
		5CF28ACAF6ED40948B82E361 /* Features/Entry/TrialHomeView.swift */ = {isa = PBXFileReference; lastKnownFileType = sourcecode.swift; path = Features/Entry/TrialHomeView.swift; sourceTree = "<group>"; };
		4853EEA622CD4B67BC4EE17C /* Features/History/DateDetailView.swift */ = {isa = PBXFileReference; lastKnownFileType = sourcecode.swift; path = Features/History/DateDetailView.swift; sourceTree = "<group>"; };
		5C55AFBDB3B640A588F7A10C /* Features/History/HistoryView.swift */ = {isa = PBXFileReference; lastKnownFileType = sourcecode.swift; path = Features/History/HistoryView.swift; sourceTree = "<group>"; };
		7AFA660CB70C4F80ACA6FB28 /* Features/Home/HomeView.swift */ = {isa = PBXFileReference; lastKnownFileType = sourcecode.swift; path = Features/Home/HomeView.swift; sourceTree = "<group>"; };
		878218CB8815469099D24AC9 /* Features/Onboarding/HealthKitIntroView.swift */ = {isa = PBXFileReference; lastKnownFileType = sourcecode.swift; path = Features/Onboarding/HealthKitIntroView.swift; sourceTree = "<group>"; };
		52AE304FEEA140CC94B1A39F /* Features/Onboarding/HealthKitPermissionStateView.swift */ = {isa = PBXFileReference; lastKnownFileType = sourcecode.swift; path = Features/Onboarding/HealthKitPermissionStateView.swift; sourceTree = "<group>"; };
		1A975E46AA324629BC40C265 /* Features/Onboarding/ManualConditionInputView.swift */ = {isa = PBXFileReference; lastKnownFileType = sourcecode.swift; path = Features/Onboarding/ManualConditionInputView.swift; sourceTree = "<group>"; };
		E9C5F3760D504BD9BD8F1D8E /* Features/RoutineFocus/RoutineFocusView.swift */ = {isa = PBXFileReference; lastKnownFileType = sourcecode.swift; path = Features/RoutineFocus/RoutineFocusView.swift; sourceTree = "<group>"; };
		67FB1B7ACB534CDFA5076906 /* Features/RoutineSetup/RoutineSetupView.swift */ = {isa = PBXFileReference; lastKnownFileType = sourcecode.swift; path = Features/RoutineSetup/RoutineSetupView.swift; sourceTree = "<group>"; };
		BE90C72240A04EDA8176ACAA /* Features/RoutineSetup/RoutineTemplateSelectionView.swift */ = {isa = PBXFileReference; lastKnownFileType = sourcecode.swift; path = Features/RoutineSetup/RoutineTemplateSelectionView.swift; sourceTree = "<group>"; };
		1F93364CD3E54BAFB0343F8C /* Features/RoutineSetup/TaskEditorView.swift */ = {isa = PBXFileReference; lastKnownFileType = sourcecode.swift; path = Features/RoutineSetup/TaskEditorView.swift; sourceTree = "<group>"; };
		C94273B11F7E4092A3D4CE4A /* Features/Settings/ErrorReportView.swift */ = {isa = PBXFileReference; lastKnownFileType = sourcecode.swift; path = Features/Settings/ErrorReportView.swift; sourceTree = "<group>"; };
		ADC1C9C0B5874BEB8950B83B /* Features/Settings/FeatureRequestView.swift */ = {isa = PBXFileReference; lastKnownFileType = sourcecode.swift; path = Features/Settings/FeatureRequestView.swift; sourceTree = "<group>"; };
		D90C5B0F988040DFA47C66AB /* Features/Settings/PrivacyDataView.swift */ = {isa = PBXFileReference; lastKnownFileType = sourcecode.swift; path = Features/Settings/PrivacyDataView.swift; sourceTree = "<group>"; };
		5AC380D332104FFB97411118 /* Features/Settings/SettingsView.swift */ = {isa = PBXFileReference; lastKnownFileType = sourcecode.swift; path = Features/Settings/SettingsView.swift; sourceTree = "<group>"; };
		5E4182528F4E4215AF3B17A8 /* Features/Shared/PlaceholderScreen.swift */ = {isa = PBXFileReference; lastKnownFileType = sourcecode.swift; path = Features/Shared/PlaceholderScreen.swift; sourceTree = "<group>"; };
		954789E2EB124DCDBAE16CB7 /* Features/SleepReport/SleepReportView.swift */ = {isa = PBXFileReference; lastKnownFileType = sourcecode.swift; path = Features/SleepReport/SleepReportView.swift; sourceTree = "<group>"; };
/* End PBXFileReference section */

/* Begin PBXFrameworksBuildPhase section */
		BA06F6225FE340E99ED68DDC /* Frameworks */ = {
			isa = PBXFrameworksBuildPhase;
			buildActionMask = 2147483647;
			files = (
			);
			runOnlyForDeploymentPostprocessing = 0;
		};
/* End PBXFrameworksBuildPhase section */

/* Begin PBXGroup section */
		8CAD0326AD0D41A9A2100082 = {
			isa = PBXGroup;
			children = (
				560BD56120F3448DAEC433E7 /* Smoru */,
				50FC806B0F7B437AB6369197 /* Products */,
			);
			sourceTree = "<group>";
		};
		560BD56120F3448DAEC433E7 /* Smoru */ = {
			isa = PBXGroup;
			children = (
				952A5BA07F9C4D539707136F /* App/AppDependenciesEnvironment.swift */,
				D14AC70660A04A5A9779AF2A /* App/AppDependencyContainer.swift */,
				6C3A309D663E44AE9907AF5F /* App/AppRoute.swift */,
				2A685822CA6A42CBBE145B8C /* App/AppRouter.swift */,
				CB332FA73A5F4551941937A2 /* App/AppState.swift */,
				67E674859BA24038BF15DCF1 /* App/SmoruApp.swift */,
				07D1D04F5EAB4FE88561BEE3 /* App/SmoruRootView.swift */,
				8E7C8D184C044061BAFD25D6 /* Core/Auth/AuthManager.swift */,
				77683CD6035F4D4CB3B3BBA7 /* Core/Firebase/FirebaseClient.swift */,
				5D882BEB1741464EA6082B59 /* Core/Firebase/FirebaseConfig.example.swift */,
				7888326AD9BF4261B77B0B09 /* Core/HealthKit/HealthKitManager.swift */,
				4A3C13C88EFD43CAAAB66428 /* Core/HealthKit/HealthKitTypes.swift */,
				B6723F438DAF4879ABA10BFC /* Core/Logging/AppLogger.swift */,
				3C7A8453A5C748079951FB9F /* Core/Notifications/NotificationManager.swift */,
				6C06642350064B37AE02C48E /* Core/Security/KeychainStore.swift */,
				D753FF9B07A3420E87859002 /* Data/Models/DailySleepSummaryModel.swift */,
				0CEBAE2131294D4B8CD3249C /* Data/Models/ManualConditionInputModel.swift */,
				97D664DAF5174519887641E0 /* Data/Models/NightChecklistItemModel.swift */,
				A701E993AE6D4860983A3F11 /* Data/Models/NightChecklistRecordModel.swift */,
				DEA2C30CC9DE42238A658451 /* Data/Models/RoutineModeVariantModel.swift */,
				55FD03FE041A4232A0524E26 /* Data/Models/RoutineSessionModel.swift */,
				15084EE41EC74654AB51C9DC /* Data/Models/RoutineTaskModel.swift */,
				7DCD9EB39BA245F7BAD9A84C /* Data/Models/RoutineTaskRecordModel.swift */,
				6D3380837EDA47059CFB1D42 /* Data/Models/RoutineTemplateModel.swift */,
				B6B5BAC33A08412AAB180BBE /* Data/Models/SleepConditionScoreModel.swift */,
				9ADE83F39CBB4276A2DA8A25 /* Data/Models/SleepFragmentParametersModel.swift */,
				31B790DDEB5E4AAE95A93807 /* Data/Models/UserSettingsModel.swift */,
				77A0F8FCFF224CB585F02291 /* Data/Repositories/PlaceholderRemoteRepositories.swift */,
				68023C27107E4F77AF474915 /* Data/Repositories/RepositoryInterfaces.swift */,
				A235D44C4AF1487889B53940 /* DesignSystem/Colors.swift */,
				AC44AEBEC8464E15870F0FBC /* DesignSystem/Components/PrimaryButton.swift */,
				F44085BCFB684B46841BB4C7 /* DesignSystem/SleepFragmentView.swift */,
				57C2266F811D45A2A0D6E7BB /* DesignSystem/Typography.swift */,
				7D2E3AE84CF34EFDAF389688 /* Domain/Routine/RoutineDomainTypes.swift */,
				49879300416E4D8C83DB2A73 /* Domain/Routine/RoutineModeEngine.swift */,
				6E0734873BA144E8B41EAEEB /* Domain/Routine/RoutineScheduleEngine.swift */,
				2915B63962D14723ACBACB01 /* Domain/Routine/RoutineSessionEngine.swift */,
				5B626D8183404D068B7F402B /* Domain/SampleData/DomainSampleData.swift */,
				CB1A8BD327A54B58B0C47278 /* Domain/Shared/DomainEnums.swift */,
				6C5C3CB12D4446AB8A2175EE /* Domain/Sleep/SleepConditionScoreEngine.swift */,
				82C038237AE94E238675C2EB /* Domain/Sleep/SleepDomainTypes.swift */,
				BD05969EC23F4CC88F3E858D /* Domain/Sleep/SleepFragmentParameterEngine.swift */,
				6DD5060F79DE4692857444DE /* Domain/Sleep/SleepMapping+Models.swift */,
				1118DD189AD04984A51477FB /* Features/Entry/EntryView.swift */,
				5CF28ACAF6ED40948B82E361 /* Features/Entry/TrialHomeView.swift */,
				4853EEA622CD4B67BC4EE17C /* Features/History/DateDetailView.swift */,
				5C55AFBDB3B640A588F7A10C /* Features/History/HistoryView.swift */,
				7AFA660CB70C4F80ACA6FB28 /* Features/Home/HomeView.swift */,
				878218CB8815469099D24AC9 /* Features/Onboarding/HealthKitIntroView.swift */,
				52AE304FEEA140CC94B1A39F /* Features/Onboarding/HealthKitPermissionStateView.swift */,
				1A975E46AA324629BC40C265 /* Features/Onboarding/ManualConditionInputView.swift */,
				E9C5F3760D504BD9BD8F1D8E /* Features/RoutineFocus/RoutineFocusView.swift */,
				67FB1B7ACB534CDFA5076906 /* Features/RoutineSetup/RoutineSetupView.swift */,
				BE90C72240A04EDA8176ACAA /* Features/RoutineSetup/RoutineTemplateSelectionView.swift */,
				1F93364CD3E54BAFB0343F8C /* Features/RoutineSetup/TaskEditorView.swift */,
				C94273B11F7E4092A3D4CE4A /* Features/Settings/ErrorReportView.swift */,
				ADC1C9C0B5874BEB8950B83B /* Features/Settings/FeatureRequestView.swift */,
				D90C5B0F988040DFA47C66AB /* Features/Settings/PrivacyDataView.swift */,
				5AC380D332104FFB97411118 /* Features/Settings/SettingsView.swift */,
				5E4182528F4E4215AF3B17A8 /* Features/Shared/PlaceholderScreen.swift */,
				954789E2EB124DCDBAE16CB7 /* Features/SleepReport/SleepReportView.swift */,
			);
			path = Smoru;
			sourceTree = "<group>";
		};
		50FC806B0F7B437AB6369197 /* Products */ = {
			isa = PBXGroup;
			children = (
				0D3CA3D3B8E6455B9FF6F5C0 /* Smoru.app */,
			);
			name = Products;
			sourceTree = "<group>";
		};
/* End PBXGroup section */

/* Begin PBXNativeTarget section */
		6FC5FB891E514D6CAE5015B6 /* Smoru */ = {
			isa = PBXNativeTarget;
			buildConfigurationList = 8985C88D277C4948A42E6BAD /* Build configuration list for PBXNativeTarget "Smoru" */;
			buildPhases = (
				66441A9A32444E6885A0640D /* Sources */,
				BA06F6225FE340E99ED68DDC /* Frameworks */,
				832F57BCC459475E881E7402 /* Resources */,
			);
			buildRules = (
			);
			dependencies = (
			);
			name = Smoru;
			productName = Smoru;
			productReference = 0D3CA3D3B8E6455B9FF6F5C0 /* Smoru.app */;
			productType = "com.apple.product-type.application";
		};
/* End PBXNativeTarget section */

/* Begin PBXProject section */
		10DF5CEDE5244E609AF99A3A /* Project object */ = {
			isa = PBXProject;
			attributes = {
				BuildIndependentTargetsInParallel = 1;
				LastSwiftUpdateCheck = 1600;
				LastUpgradeCheck = 1600;
				TargetAttributes = {
					6FC5FB891E514D6CAE5015B6 = {
						CreatedOnToolsVersion = 16.0;
					};
				};
			};
			buildConfigurationList = 262EAC2482794EF49099AB82 /* Build configuration list for PBXProject "Smoru" */;
			compatibilityVersion = "Xcode 15.0";
			developmentRegion = en;
			hasScannedForEncodings = 0;
			knownRegions = (en, Base);
			mainGroup = 8CAD0326AD0D41A9A2100082;
			productRefGroup = 50FC806B0F7B437AB6369197 /* Products */;
			projectDirPath = "";
			projectRoot = "";
			targets = (
				6FC5FB891E514D6CAE5015B6 /* Smoru */,
			);
		};
/* End PBXProject section */

/* Begin PBXResourcesBuildPhase section */
		832F57BCC459475E881E7402 /* Resources */ = {
			isa = PBXResourcesBuildPhase;
			buildActionMask = 2147483647;
			files = (
			);
			runOnlyForDeploymentPostprocessing = 0;
		};
/* End PBXResourcesBuildPhase section */

/* Begin PBXSourcesBuildPhase section */
		66441A9A32444E6885A0640D /* Sources */ = {
			isa = PBXSourcesBuildPhase;
			buildActionMask = 2147483647;
			files = (
				964DC9B031C0428EA033912D /* App/AppDependenciesEnvironment.swift in Sources */,
				E813034920444E748E41651F /* App/AppDependencyContainer.swift in Sources */,
				A26B529CC919440E91CEE6F7 /* App/AppRoute.swift in Sources */,
				B89743CD22F54864B2C993A5 /* App/AppRouter.swift in Sources */,
				9044CD6343D944DA8DD3D88A /* App/AppState.swift in Sources */,
				E3BE8FADBFE749C9853C7761 /* App/SmoruApp.swift in Sources */,
				D3257B0C2CC54C81A4DACFF7 /* App/SmoruRootView.swift in Sources */,
				9706C1F91CB648379C282C83 /* Core/Auth/AuthManager.swift in Sources */,
				35DEC16994E74FEEB3A7154D /* Core/Firebase/FirebaseClient.swift in Sources */,
				25AE52CD6E1549CDBBF4B352 /* Core/Firebase/FirebaseConfig.example.swift in Sources */,
				FC3F4D49A72A44D2BB5C187A /* Core/HealthKit/HealthKitManager.swift in Sources */,
				C04388D7BC3149CD88C98349 /* Core/HealthKit/HealthKitTypes.swift in Sources */,
				C57611E62CDB4899A639BC61 /* Core/Logging/AppLogger.swift in Sources */,
				E677AF931B3E4797B8ECC585 /* Core/Notifications/NotificationManager.swift in Sources */,
				0A7CACCBFAD54960BC0E250D /* Core/Security/KeychainStore.swift in Sources */,
				A3ADC542478E4B3A99924A34 /* Data/Models/DailySleepSummaryModel.swift in Sources */,
				53472EA76BAA4D8CA5CDF5EF /* Data/Models/ManualConditionInputModel.swift in Sources */,
				7521B4FC715D4878894DC275 /* Data/Models/NightChecklistItemModel.swift in Sources */,
				9B960B670029490A89924031 /* Data/Models/NightChecklistRecordModel.swift in Sources */,
				E0E5A3FAB45B4F7CBBC4570F /* Data/Models/RoutineModeVariantModel.swift in Sources */,
				EFC6C625F46D47439F2EDE78 /* Data/Models/RoutineSessionModel.swift in Sources */,
				A3A092B3F6B44D38AEC41327 /* Data/Models/RoutineTaskModel.swift in Sources */,
				E7B46BFE09F44E3AADE84EA9 /* Data/Models/RoutineTaskRecordModel.swift in Sources */,
				3894E0B9877648E09257D7A1 /* Data/Models/RoutineTemplateModel.swift in Sources */,
				2C32CB34A69544F284F2CE0C /* Data/Models/SleepConditionScoreModel.swift in Sources */,
				E9865DFE440D4727BB304EB0 /* Data/Models/SleepFragmentParametersModel.swift in Sources */,
				024C99CB792849FA837E7A24 /* Data/Models/UserSettingsModel.swift in Sources */,
				0D71DC564DDD483E96A88CA3 /* Data/Repositories/PlaceholderRemoteRepositories.swift in Sources */,
				EC82B0606D924AC0A7307EFA /* Data/Repositories/RepositoryInterfaces.swift in Sources */,
				E7A3104FA19341C7BF30D89C /* DesignSystem/Colors.swift in Sources */,
				F63E0DE733B94B3187D5EE52 /* DesignSystem/Components/PrimaryButton.swift in Sources */,
				164E3E72604D4E5094FB9FB8 /* DesignSystem/SleepFragmentView.swift in Sources */,
				690A9FD69EB14ECE94F7E956 /* DesignSystem/Typography.swift in Sources */,
				F6F1E8A6FC054B15B3B84946 /* Domain/Routine/RoutineDomainTypes.swift in Sources */,
				CFBD737FBD6C429D9822F38A /* Domain/Routine/RoutineModeEngine.swift in Sources */,
				FB4E0E1AEA8A4D0FABAD57E7 /* Domain/Routine/RoutineScheduleEngine.swift in Sources */,
				B654775215CF45E58695F923 /* Domain/Routine/RoutineSessionEngine.swift in Sources */,
				7E636992EB064DBEBCBD05FC /* Domain/SampleData/DomainSampleData.swift in Sources */,
				B47BB6C5C5C543A8994090CC /* Domain/Shared/DomainEnums.swift in Sources */,
				77168120DEA14783B6E8CB9E /* Domain/Sleep/SleepConditionScoreEngine.swift in Sources */,
				E62F08BAC7DD4AF99CAAF72D /* Domain/Sleep/SleepDomainTypes.swift in Sources */,
				74B08C2FBF924E7D99903941 /* Domain/Sleep/SleepFragmentParameterEngine.swift in Sources */,
				46EAA92A23AA4679B6366AAA /* Domain/Sleep/SleepMapping+Models.swift in Sources */,
				C9B83D10D2174ABBAEA566ED /* Features/Entry/EntryView.swift in Sources */,
				71D26B318B994A34855A050C /* Features/Entry/TrialHomeView.swift in Sources */,
				7731326758AE4F5F98E00F03 /* Features/History/DateDetailView.swift in Sources */,
				792F1A76D9FF4DAE8960ECBB /* Features/History/HistoryView.swift in Sources */,
				6BA35F3606D04442A067E88F /* Features/Home/HomeView.swift in Sources */,
				29DF7FAE129C4FB0B79E282F /* Features/Onboarding/HealthKitIntroView.swift in Sources */,
				287DF57236C04EB8AF8DC357 /* Features/Onboarding/HealthKitPermissionStateView.swift in Sources */,
				E4C0B9D4D53A45F2B69D7A22 /* Features/Onboarding/ManualConditionInputView.swift in Sources */,
				9911731098AA4CD199D942B4 /* Features/RoutineFocus/RoutineFocusView.swift in Sources */,
				2840E7E794AA415A98454394 /* Features/RoutineSetup/RoutineSetupView.swift in Sources */,
				377721751DBF4D00B9641AC8 /* Features/RoutineSetup/RoutineTemplateSelectionView.swift in Sources */,
				9B12F4FACAB64B54875F77CC /* Features/RoutineSetup/TaskEditorView.swift in Sources */,
				2D7CE92873FB4C1DA18BC4A0 /* Features/Settings/ErrorReportView.swift in Sources */,
				FA45F1C47AE84CFEAEC471E3 /* Features/Settings/FeatureRequestView.swift in Sources */,
				B5AC345EE5E44B8C9F0ADB87 /* Features/Settings/PrivacyDataView.swift in Sources */,
				D745EBDDA18347299208485D /* Features/Settings/SettingsView.swift in Sources */,
				F05DAAFAB3744918BB082AE8 /* Features/Shared/PlaceholderScreen.swift in Sources */,
				B23D7B8517D8432F8C5A90AA /* Features/SleepReport/SleepReportView.swift in Sources */,
			);
			runOnlyForDeploymentPostprocessing = 0;
		};
/* End PBXSourcesBuildPhase section */

/* Begin XCBuildConfiguration section */
		03D62BB0080E41F6BD61323D /* Debug */ = {
			isa = XCBuildConfiguration;
			buildSettings = {
				ALWAYS_SEARCH_USER_PATHS = NO;
				CLANG_ENABLE_MODULES = YES;
				CLANG_ENABLE_OBJC_ARC = YES;
				ENABLE_TESTABILITY = YES;
				GCC_C_LANGUAGE_STANDARD = gnu17;
				IPHONEOS_DEPLOYMENT_TARGET = 17.0;
				SDKROOT = iphoneos;
				SWIFT_VERSION = 5.0;
			};
			name = Debug;
		};
		7F2E999FC66F42ECABC8E0C2 /* Release */ = {
			isa = XCBuildConfiguration;
			buildSettings = {
				ALWAYS_SEARCH_USER_PATHS = NO;
				CLANG_ENABLE_MODULES = YES;
				CLANG_ENABLE_OBJC_ARC = YES;
				GCC_C_LANGUAGE_STANDARD = gnu17;
				IPHONEOS_DEPLOYMENT_TARGET = 17.0;
				SDKROOT = iphoneos;
				SWIFT_VERSION = 5.0;
			};
			name = Release;
		};
		108201C823B6411081DEDC28 /* Debug */ = {
			isa = XCBuildConfiguration;
			buildSettings = {
				ASSETCATALOG_COMPILER_APPICON_NAME = AppIcon;
				CODE_SIGN_STYLE = Automatic;
				CURRENT_PROJECT_VERSION = 1;
				GENERATE_INFOPLIST_FILE = YES;
				INFOPLIST_KEY_UIApplicationSceneManifest_Generation = YES;
				INFOPLIST_KEY_UIApplicationSupportsIndirectInputEvents = YES;
				INFOPLIST_KEY_UILaunchScreen_Generation = YES;
				IPHONEOS_DEPLOYMENT_TARGET = 17.0;
				LD_RUNPATH_SEARCH_PATHS = ("$(inherited)", "@executable_path/Frameworks");
				MARKETING_VERSION = 1.0;
				PRODUCT_BUNDLE_IDENTIFIER = com.zunghyun.smoru;
				PRODUCT_NAME = "$(TARGET_NAME)";
				SUPPORTED_PLATFORMS = "iphoneos iphonesimulator";
				SWIFT_EMIT_LOC_STRINGS = YES;
				SWIFT_VERSION = 5.0;
				TARGETED_DEVICE_FAMILY = "1,2";
			};
			name = Debug;
		};
		0607736DC8284E2380EA1A32 /* Release */ = {
			isa = XCBuildConfiguration;
			buildSettings = {
				ASSETCATALOG_COMPILER_APPICON_NAME = AppIcon;
				CODE_SIGN_STYLE = Automatic;
				CURRENT_PROJECT_VERSION = 1;
				GENERATE_INFOPLIST_FILE = YES;
				INFOPLIST_KEY_UIApplicationSceneManifest_Generation = YES;
				INFOPLIST_KEY_UIApplicationSupportsIndirectInputEvents = YES;
				INFOPLIST_KEY_UILaunchScreen_Generation = YES;
				IPHONEOS_DEPLOYMENT_TARGET = 17.0;
				LD_RUNPATH_SEARCH_PATHS = ("$(inherited)", "@executable_path/Frameworks");
				MARKETING_VERSION = 1.0;
				PRODUCT_BUNDLE_IDENTIFIER = com.zunghyun.smoru;
				PRODUCT_NAME = "$(TARGET_NAME)";
				SUPPORTED_PLATFORMS = "iphoneos iphonesimulator";
				SWIFT_EMIT_LOC_STRINGS = YES;
				SWIFT_VERSION = 5.0;
				TARGETED_DEVICE_FAMILY = "1,2";
			};
			name = Release;
		};
/* End XCBuildConfiguration section */

/* Begin XCConfigurationList section */
		262EAC2482794EF49099AB82 /* Build configuration list for PBXProject "Smoru" */ = {
			isa = XCConfigurationList;
			buildConfigurations = (
				03D62BB0080E41F6BD61323D /* Debug */,
				7F2E999FC66F42ECABC8E0C2 /* Release */,
			);
			defaultConfigurationIsVisible = 0;
			defaultConfigurationName = Release;
		};
		8985C88D277C4948A42E6BAD /* Build configuration list for PBXNativeTarget "Smoru" */ = {
			isa = XCConfigurationList;
			buildConfigurations = (
				108201C823B6411081DEDC28 /* Debug */,
				0607736DC8284E2380EA1A32 /* Release */,
			);
			defaultConfigurationIsVisible = 0;
			defaultConfigurationName = Release;
		};
/* End XCConfigurationList section */
	};
	rootObject = 10DF5CEDE5244E609AF99A3A /* Project object */;
}
