// !$*UTF8*$!
{
	archiveVersion = 1;
	classes = {};
	objectVersion = 56;
	objects = {

/* Begin PBXBuildFile section */
		50437C5E9F414F0BAB8D38AC /* App/AppDependenciesEnvironment.swift in Sources */ = {isa = PBXBuildFile; fileRef = E5D24C63FE734D6A80013928 /* App/AppDependenciesEnvironment.swift */; };
		E07953F7A0814B81816271E9 /* App/AppDependencyContainer.swift in Sources */ = {isa = PBXBuildFile; fileRef = 4757BBB8859840C480DF05A3 /* App/AppDependencyContainer.swift */; };
		236387E4D69C4EDFA7EB8DBE /* App/AppRoute.swift in Sources */ = {isa = PBXBuildFile; fileRef = 80CBE189DD94428E9652B6B4 /* App/AppRoute.swift */; };
		159109549EC94604A77998F3 /* App/AppRouter.swift in Sources */ = {isa = PBXBuildFile; fileRef = 47C233F333004D90A3C77122 /* App/AppRouter.swift */; };
		9428FE9F81F444D191765A39 /* App/AppState.swift in Sources */ = {isa = PBXBuildFile; fileRef = 39BD7EBE9E794B329C528CDF /* App/AppState.swift */; };
		ECB3FA1F88C94CBC8B355D47 /* App/SmoruApp.swift in Sources */ = {isa = PBXBuildFile; fileRef = 0E6AD5D3ACE244788B507364 /* App/SmoruApp.swift */; };
		50B5D915EAF74085AF07DB24 /* App/SmoruRootView.swift in Sources */ = {isa = PBXBuildFile; fileRef = 214A8F3415A6445E8A800F72 /* App/SmoruRootView.swift */; };
		ADB9123EACBC49108DCF3D14 /* Core/Auth/AuthManager.swift in Sources */ = {isa = PBXBuildFile; fileRef = 0D69C554BC1F4E9987DF7967 /* Core/Auth/AuthManager.swift */; };
		DAC40706B3C84E3A9802B868 /* Core/Firebase/FirebaseClient.swift in Sources */ = {isa = PBXBuildFile; fileRef = 665F7844AD984836BA225DE9 /* Core/Firebase/FirebaseClient.swift */; };
		769FE21A7AC24F4F99B09EFB /* Core/HealthKit/HealthKitManager.swift in Sources */ = {isa = PBXBuildFile; fileRef = 96A5DF47A82D414C9BADB338 /* Core/HealthKit/HealthKitManager.swift */; };
		F3A3EF24C5DE4EF883C74C2D /* Core/Logging/AppLogger.swift in Sources */ = {isa = PBXBuildFile; fileRef = 3ADE7CB9D5084E2FBB2E0C1F /* Core/Logging/AppLogger.swift */; };
		42F5F26D60334C15ADC8E76C /* Core/Notifications/NotificationManager.swift in Sources */ = {isa = PBXBuildFile; fileRef = AF600771BE7B4E97B3A4A01D /* Core/Notifications/NotificationManager.swift */; };
		9E22E7C2CBB94B8191054F90 /* Core/Security/KeychainStore.swift in Sources */ = {isa = PBXBuildFile; fileRef = DAA7939A581546AA982CC382 /* Core/Security/KeychainStore.swift */; };
		DD0D16147A9E47BDAEC3FFB8 /* Data/Models/DailySleepSummaryModel.swift in Sources */ = {isa = PBXBuildFile; fileRef = B3B2F62DCFFD4D23A541F053 /* Data/Models/DailySleepSummaryModel.swift */; };
		9713746A13DA4DF7B2922EB2 /* Data/Models/ManualConditionInputModel.swift in Sources */ = {isa = PBXBuildFile; fileRef = 6DDEB7CC9C6945C6B53F4057 /* Data/Models/ManualConditionInputModel.swift */; };
		4C79335A1FB14DB692CC9297 /* Data/Models/NightChecklistItemModel.swift in Sources */ = {isa = PBXBuildFile; fileRef = EF1DE0CE413643E08BE1F2F6 /* Data/Models/NightChecklistItemModel.swift */; };
		06F0C049C43F4EFA9B13A35A /* Data/Models/NightChecklistRecordModel.swift in Sources */ = {isa = PBXBuildFile; fileRef = C0ADDDC0B2B4409985085126 /* Data/Models/NightChecklistRecordModel.swift */; };
		FF8CA33D13D54E159AC98155 /* Data/Models/RoutineModeVariantModel.swift in Sources */ = {isa = PBXBuildFile; fileRef = 94F75B45D2D0456E8E87B024 /* Data/Models/RoutineModeVariantModel.swift */; };
		F0F989F9CE7040B8BC656567 /* Data/Models/RoutineSessionModel.swift in Sources */ = {isa = PBXBuildFile; fileRef = 4D3A54BF0E1A4325B622A340 /* Data/Models/RoutineSessionModel.swift */; };
		B8A849A6191F417F9CAAFCEB /* Data/Models/RoutineTaskModel.swift in Sources */ = {isa = PBXBuildFile; fileRef = 19F1AECCED74462390F0BAD9 /* Data/Models/RoutineTaskModel.swift */; };
		16242470E14B4D45AEBCB769 /* Data/Models/RoutineTaskRecordModel.swift in Sources */ = {isa = PBXBuildFile; fileRef = DB275965DA8D4AB1A8FE20E4 /* Data/Models/RoutineTaskRecordModel.swift */; };
		C8333141177B4527BF9061DC /* Data/Models/RoutineTemplateModel.swift in Sources */ = {isa = PBXBuildFile; fileRef = 86D1F35B9532469EB3F2ED0C /* Data/Models/RoutineTemplateModel.swift */; };
		860EEA4213384D2DB1A9DABB /* Data/Models/SleepConditionScoreModel.swift in Sources */ = {isa = PBXBuildFile; fileRef = F4736787BE5C49F695C48CD8 /* Data/Models/SleepConditionScoreModel.swift */; };
		4E64637BC4734DF5BD845E4C /* Data/Models/SleepFragmentParametersModel.swift in Sources */ = {isa = PBXBuildFile; fileRef = BB1260CC726F4B6F91B07EE4 /* Data/Models/SleepFragmentParametersModel.swift */; };
		2B74CF18A93D4AF8A059C80E /* Data/Models/UserSettingsModel.swift in Sources */ = {isa = PBXBuildFile; fileRef = 12E6F806E4A44A90BEA074AB /* Data/Models/UserSettingsModel.swift */; };
		C490D212166041D8AC15A9E6 /* DesignSystem/Colors.swift in Sources */ = {isa = PBXBuildFile; fileRef = EF52F84AF7354E8382E2566D /* DesignSystem/Colors.swift */; };
		104622701A724417A56D457E /* DesignSystem/Components/PrimaryButton.swift in Sources */ = {isa = PBXBuildFile; fileRef = ABA5A6D41F16417EA7B8ECFD /* DesignSystem/Components/PrimaryButton.swift */; };
		447518682E1B4994A8230FCF /* DesignSystem/SleepFragmentView.swift in Sources */ = {isa = PBXBuildFile; fileRef = 6A024C22F7134B74A4B52993 /* DesignSystem/SleepFragmentView.swift */; };
		BC29741532A64EA8BEF3F0F6 /* DesignSystem/Typography.swift in Sources */ = {isa = PBXBuildFile; fileRef = 3F269490A064464F9B2B1F5D /* DesignSystem/Typography.swift */; };
		8FE7923DA79344E7921FFD2E /* Domain/Routine/RoutineDomainTypes.swift in Sources */ = {isa = PBXBuildFile; fileRef = A92EAEC86D0A407FA0448A89 /* Domain/Routine/RoutineDomainTypes.swift */; };
		430554C3B381402D92B8F0F2 /* Domain/Routine/RoutineModeEngine.swift in Sources */ = {isa = PBXBuildFile; fileRef = F96FAAB22DEC4668A7BE31DC /* Domain/Routine/RoutineModeEngine.swift */; };
		91DC3D465C4643AF94A243AD /* Domain/Routine/RoutineScheduleEngine.swift in Sources */ = {isa = PBXBuildFile; fileRef = F4F9E58AE5CF438BA404F021 /* Domain/Routine/RoutineScheduleEngine.swift */; };
		3DA673DC85124DB6BB0FE8DA /* Domain/Routine/RoutineSessionEngine.swift in Sources */ = {isa = PBXBuildFile; fileRef = DC74CF1226E6472AB6DD3FD3 /* Domain/Routine/RoutineSessionEngine.swift */; };
		8F1A9DBCD3BC4DD7ACB3C8B8 /* Domain/SampleData/DomainSampleData.swift in Sources */ = {isa = PBXBuildFile; fileRef = EAB3E596B9FC439F8D12BE46 /* Domain/SampleData/DomainSampleData.swift */; };
		160B50CC2F5A43BE84DEB077 /* Domain/Shared/DomainEnums.swift in Sources */ = {isa = PBXBuildFile; fileRef = 4D847F3D7BC9464183E5C96A /* Domain/Shared/DomainEnums.swift */; };
		427DA148C8444E558ADE9574 /* Domain/Sleep/SleepConditionScoreEngine.swift in Sources */ = {isa = PBXBuildFile; fileRef = 3FA7567E9C1D48A5A96041E5 /* Domain/Sleep/SleepConditionScoreEngine.swift */; };
		DA69B4A8FCB347328301FEDA /* Domain/Sleep/SleepDomainTypes.swift in Sources */ = {isa = PBXBuildFile; fileRef = 4EEFC9155CAE4E3A9021FB7C /* Domain/Sleep/SleepDomainTypes.swift */; };
		7540A2A0A5EF4DAA98A8EFE1 /* Domain/Sleep/SleepFragmentParameterEngine.swift in Sources */ = {isa = PBXBuildFile; fileRef = D819246A12A9461EAAECD08F /* Domain/Sleep/SleepFragmentParameterEngine.swift */; };
		1B94FDD245C04D1BB46E17F8 /* Features/Entry/EntryView.swift in Sources */ = {isa = PBXBuildFile; fileRef = 701E8CF9BACB42DD9C6D4192 /* Features/Entry/EntryView.swift */; };
		C49FCEB70D8F4F2A8AB8E86F /* Features/Entry/TrialHomeView.swift in Sources */ = {isa = PBXBuildFile; fileRef = 5E7D5E8F3D9448BFA460B885 /* Features/Entry/TrialHomeView.swift */; };
		356DE33095FD442F8EEA3FDC /* Features/History/DateDetailView.swift in Sources */ = {isa = PBXBuildFile; fileRef = C2A508DA823345A49941EC73 /* Features/History/DateDetailView.swift */; };
		A23CD30A4B0043F895F2300B /* Features/History/HistoryView.swift in Sources */ = {isa = PBXBuildFile; fileRef = 33B36BC035F54EE4AAF751B5 /* Features/History/HistoryView.swift */; };
		F3A93AC4C4DA441E8B4442CA /* Features/Home/HomeView.swift in Sources */ = {isa = PBXBuildFile; fileRef = 7F0FC16C510346DFA6FBFAFB /* Features/Home/HomeView.swift */; };
		12D40EC29F2C44FFBFEA8631 /* Features/Onboarding/HealthKitIntroView.swift in Sources */ = {isa = PBXBuildFile; fileRef = 11A12BAA4D7743A18C002A6F /* Features/Onboarding/HealthKitIntroView.swift */; };
		308C8B823ABA411891992827 /* Features/Onboarding/HealthKitPermissionStateView.swift in Sources */ = {isa = PBXBuildFile; fileRef = 1AF96F64E35C465E817377DA /* Features/Onboarding/HealthKitPermissionStateView.swift */; };
		D112E510E55E4852A9AE06E1 /* Features/Onboarding/ManualConditionInputView.swift in Sources */ = {isa = PBXBuildFile; fileRef = 88A827857C164F5B8277825F /* Features/Onboarding/ManualConditionInputView.swift */; };
		6F53A09F028845B8B20959F7 /* Features/RoutineFocus/RoutineFocusView.swift in Sources */ = {isa = PBXBuildFile; fileRef = 1D8FE7C3E72F44688E6BC0B3 /* Features/RoutineFocus/RoutineFocusView.swift */; };
		C0107ECA4586438AAC911A9F /* Features/RoutineSetup/RoutineSetupView.swift in Sources */ = {isa = PBXBuildFile; fileRef = 27C385847A774237AA77A2E2 /* Features/RoutineSetup/RoutineSetupView.swift */; };
		31082AB9BCF44601B729169F /* Features/RoutineSetup/RoutineTemplateSelectionView.swift in Sources */ = {isa = PBXBuildFile; fileRef = C5CBC6F2210A4493B9B16B86 /* Features/RoutineSetup/RoutineTemplateSelectionView.swift */; };
		812160A34C354E2292BC2814 /* Features/RoutineSetup/TaskEditorView.swift in Sources */ = {isa = PBXBuildFile; fileRef = 9EFA84BD978A4CE5B2EA5B30 /* Features/RoutineSetup/TaskEditorView.swift */; };
		20586D340F22450685DA0D06 /* Features/Settings/ErrorReportView.swift in Sources */ = {isa = PBXBuildFile; fileRef = 9ACE988F7A9349EE83B08C49 /* Features/Settings/ErrorReportView.swift */; };
		235AF337B4784EB3931CA652 /* Features/Settings/FeatureRequestView.swift in Sources */ = {isa = PBXBuildFile; fileRef = 3C2C29A6274A4D64B223CE65 /* Features/Settings/FeatureRequestView.swift */; };
		97BDEE913B424042961B22F6 /* Features/Settings/PrivacyDataView.swift in Sources */ = {isa = PBXBuildFile; fileRef = FB1BE152924141BF84EAF93E /* Features/Settings/PrivacyDataView.swift */; };
		6DEDBE7B29A54ABEA615808B /* Features/Settings/SettingsView.swift in Sources */ = {isa = PBXBuildFile; fileRef = 70F5CE02118D49F5853BC4B6 /* Features/Settings/SettingsView.swift */; };
		946F24C3DF724262B57D0D1E /* Features/Shared/PlaceholderScreen.swift in Sources */ = {isa = PBXBuildFile; fileRef = 3DAEEE3312624907AA3D3777 /* Features/Shared/PlaceholderScreen.swift */; };
		3CFAB138DA8B4774A51490A5 /* Features/SleepReport/SleepReportView.swift in Sources */ = {isa = PBXBuildFile; fileRef = 9812CFD5888A415A975BCE8C /* Features/SleepReport/SleepReportView.swift */; };
/* End PBXBuildFile section */

/* Begin PBXFileReference section */
		E9062F9CB5A04C7BBDAB5C9F /* Smoru.app */ = {isa = PBXFileReference; explicitFileType = wrapper.application; includeInIndex = 0; path = Smoru.app; sourceTree = BUILT_PRODUCTS_DIR; };
		E5D24C63FE734D6A80013928 /* App/AppDependenciesEnvironment.swift */ = {isa = PBXFileReference; lastKnownFileType = sourcecode.swift; path = App/AppDependenciesEnvironment.swift; sourceTree = "<group>"; };
		4757BBB8859840C480DF05A3 /* App/AppDependencyContainer.swift */ = {isa = PBXFileReference; lastKnownFileType = sourcecode.swift; path = App/AppDependencyContainer.swift; sourceTree = "<group>"; };
		80CBE189DD94428E9652B6B4 /* App/AppRoute.swift */ = {isa = PBXFileReference; lastKnownFileType = sourcecode.swift; path = App/AppRoute.swift; sourceTree = "<group>"; };
		47C233F333004D90A3C77122 /* App/AppRouter.swift */ = {isa = PBXFileReference; lastKnownFileType = sourcecode.swift; path = App/AppRouter.swift; sourceTree = "<group>"; };
		39BD7EBE9E794B329C528CDF /* App/AppState.swift */ = {isa = PBXFileReference; lastKnownFileType = sourcecode.swift; path = App/AppState.swift; sourceTree = "<group>"; };
		0E6AD5D3ACE244788B507364 /* App/SmoruApp.swift */ = {isa = PBXFileReference; lastKnownFileType = sourcecode.swift; path = App/SmoruApp.swift; sourceTree = "<group>"; };
		214A8F3415A6445E8A800F72 /* App/SmoruRootView.swift */ = {isa = PBXFileReference; lastKnownFileType = sourcecode.swift; path = App/SmoruRootView.swift; sourceTree = "<group>"; };
		0D69C554BC1F4E9987DF7967 /* Core/Auth/AuthManager.swift */ = {isa = PBXFileReference; lastKnownFileType = sourcecode.swift; path = Core/Auth/AuthManager.swift; sourceTree = "<group>"; };
		665F7844AD984836BA225DE9 /* Core/Firebase/FirebaseClient.swift */ = {isa = PBXFileReference; lastKnownFileType = sourcecode.swift; path = Core/Firebase/FirebaseClient.swift; sourceTree = "<group>"; };
		96A5DF47A82D414C9BADB338 /* Core/HealthKit/HealthKitManager.swift */ = {isa = PBXFileReference; lastKnownFileType = sourcecode.swift; path = Core/HealthKit/HealthKitManager.swift; sourceTree = "<group>"; };
		3ADE7CB9D5084E2FBB2E0C1F /* Core/Logging/AppLogger.swift */ = {isa = PBXFileReference; lastKnownFileType = sourcecode.swift; path = Core/Logging/AppLogger.swift; sourceTree = "<group>"; };
		AF600771BE7B4E97B3A4A01D /* Core/Notifications/NotificationManager.swift */ = {isa = PBXFileReference; lastKnownFileType = sourcecode.swift; path = Core/Notifications/NotificationManager.swift; sourceTree = "<group>"; };
		DAA7939A581546AA982CC382 /* Core/Security/KeychainStore.swift */ = {isa = PBXFileReference; lastKnownFileType = sourcecode.swift; path = Core/Security/KeychainStore.swift; sourceTree = "<group>"; };
		B3B2F62DCFFD4D23A541F053 /* Data/Models/DailySleepSummaryModel.swift */ = {isa = PBXFileReference; lastKnownFileType = sourcecode.swift; path = Data/Models/DailySleepSummaryModel.swift; sourceTree = "<group>"; };
		6DDEB7CC9C6945C6B53F4057 /* Data/Models/ManualConditionInputModel.swift */ = {isa = PBXFileReference; lastKnownFileType = sourcecode.swift; path = Data/Models/ManualConditionInputModel.swift; sourceTree = "<group>"; };
		EF1DE0CE413643E08BE1F2F6 /* Data/Models/NightChecklistItemModel.swift */ = {isa = PBXFileReference; lastKnownFileType = sourcecode.swift; path = Data/Models/NightChecklistItemModel.swift; sourceTree = "<group>"; };
		C0ADDDC0B2B4409985085126 /* Data/Models/NightChecklistRecordModel.swift */ = {isa = PBXFileReference; lastKnownFileType = sourcecode.swift; path = Data/Models/NightChecklistRecordModel.swift; sourceTree = "<group>"; };
		94F75B45D2D0456E8E87B024 /* Data/Models/RoutineModeVariantModel.swift */ = {isa = PBXFileReference; lastKnownFileType = sourcecode.swift; path = Data/Models/RoutineModeVariantModel.swift; sourceTree = "<group>"; };
		4D3A54BF0E1A4325B622A340 /* Data/Models/RoutineSessionModel.swift */ = {isa = PBXFileReference; lastKnownFileType = sourcecode.swift; path = Data/Models/RoutineSessionModel.swift; sourceTree = "<group>"; };
		19F1AECCED74462390F0BAD9 /* Data/Models/RoutineTaskModel.swift */ = {isa = PBXFileReference; lastKnownFileType = sourcecode.swift; path = Data/Models/RoutineTaskModel.swift; sourceTree = "<group>"; };
		DB275965DA8D4AB1A8FE20E4 /* Data/Models/RoutineTaskRecordModel.swift */ = {isa = PBXFileReference; lastKnownFileType = sourcecode.swift; path = Data/Models/RoutineTaskRecordModel.swift; sourceTree = "<group>"; };
		86D1F35B9532469EB3F2ED0C /* Data/Models/RoutineTemplateModel.swift */ = {isa = PBXFileReference; lastKnownFileType = sourcecode.swift; path = Data/Models/RoutineTemplateModel.swift; sourceTree = "<group>"; };
		F4736787BE5C49F695C48CD8 /* Data/Models/SleepConditionScoreModel.swift */ = {isa = PBXFileReference; lastKnownFileType = sourcecode.swift; path = Data/Models/SleepConditionScoreModel.swift; sourceTree = "<group>"; };
		BB1260CC726F4B6F91B07EE4 /* Data/Models/SleepFragmentParametersModel.swift */ = {isa = PBXFileReference; lastKnownFileType = sourcecode.swift; path = Data/Models/SleepFragmentParametersModel.swift; sourceTree = "<group>"; };
		12E6F806E4A44A90BEA074AB /* Data/Models/UserSettingsModel.swift */ = {isa = PBXFileReference; lastKnownFileType = sourcecode.swift; path = Data/Models/UserSettingsModel.swift; sourceTree = "<group>"; };
		EF52F84AF7354E8382E2566D /* DesignSystem/Colors.swift */ = {isa = PBXFileReference; lastKnownFileType = sourcecode.swift; path = DesignSystem/Colors.swift; sourceTree = "<group>"; };
		ABA5A6D41F16417EA7B8ECFD /* DesignSystem/Components/PrimaryButton.swift */ = {isa = PBXFileReference; lastKnownFileType = sourcecode.swift; path = DesignSystem/Components/PrimaryButton.swift; sourceTree = "<group>"; };
		6A024C22F7134B74A4B52993 /* DesignSystem/SleepFragmentView.swift */ = {isa = PBXFileReference; lastKnownFileType = sourcecode.swift; path = DesignSystem/SleepFragmentView.swift; sourceTree = "<group>"; };
		3F269490A064464F9B2B1F5D /* DesignSystem/Typography.swift */ = {isa = PBXFileReference; lastKnownFileType = sourcecode.swift; path = DesignSystem/Typography.swift; sourceTree = "<group>"; };
		A92EAEC86D0A407FA0448A89 /* Domain/Routine/RoutineDomainTypes.swift */ = {isa = PBXFileReference; lastKnownFileType = sourcecode.swift; path = Domain/Routine/RoutineDomainTypes.swift; sourceTree = "<group>"; };
		F96FAAB22DEC4668A7BE31DC /* Domain/Routine/RoutineModeEngine.swift */ = {isa = PBXFileReference; lastKnownFileType = sourcecode.swift; path = Domain/Routine/RoutineModeEngine.swift; sourceTree = "<group>"; };
		F4F9E58AE5CF438BA404F021 /* Domain/Routine/RoutineScheduleEngine.swift */ = {isa = PBXFileReference; lastKnownFileType = sourcecode.swift; path = Domain/Routine/RoutineScheduleEngine.swift; sourceTree = "<group>"; };
		DC74CF1226E6472AB6DD3FD3 /* Domain/Routine/RoutineSessionEngine.swift */ = {isa = PBXFileReference; lastKnownFileType = sourcecode.swift; path = Domain/Routine/RoutineSessionEngine.swift; sourceTree = "<group>"; };
		EAB3E596B9FC439F8D12BE46 /* Domain/SampleData/DomainSampleData.swift */ = {isa = PBXFileReference; lastKnownFileType = sourcecode.swift; path = Domain/SampleData/DomainSampleData.swift; sourceTree = "<group>"; };
		4D847F3D7BC9464183E5C96A /* Domain/Shared/DomainEnums.swift */ = {isa = PBXFileReference; lastKnownFileType = sourcecode.swift; path = Domain/Shared/DomainEnums.swift; sourceTree = "<group>"; };
		3FA7567E9C1D48A5A96041E5 /* Domain/Sleep/SleepConditionScoreEngine.swift */ = {isa = PBXFileReference; lastKnownFileType = sourcecode.swift; path = Domain/Sleep/SleepConditionScoreEngine.swift; sourceTree = "<group>"; };
		4EEFC9155CAE4E3A9021FB7C /* Domain/Sleep/SleepDomainTypes.swift */ = {isa = PBXFileReference; lastKnownFileType = sourcecode.swift; path = Domain/Sleep/SleepDomainTypes.swift; sourceTree = "<group>"; };
		D819246A12A9461EAAECD08F /* Domain/Sleep/SleepFragmentParameterEngine.swift */ = {isa = PBXFileReference; lastKnownFileType = sourcecode.swift; path = Domain/Sleep/SleepFragmentParameterEngine.swift; sourceTree = "<group>"; };
		701E8CF9BACB42DD9C6D4192 /* Features/Entry/EntryView.swift */ = {isa = PBXFileReference; lastKnownFileType = sourcecode.swift; path = Features/Entry/EntryView.swift; sourceTree = "<group>"; };
		5E7D5E8F3D9448BFA460B885 /* Features/Entry/TrialHomeView.swift */ = {isa = PBXFileReference; lastKnownFileType = sourcecode.swift; path = Features/Entry/TrialHomeView.swift; sourceTree = "<group>"; };
		C2A508DA823345A49941EC73 /* Features/History/DateDetailView.swift */ = {isa = PBXFileReference; lastKnownFileType = sourcecode.swift; path = Features/History/DateDetailView.swift; sourceTree = "<group>"; };
		33B36BC035F54EE4AAF751B5 /* Features/History/HistoryView.swift */ = {isa = PBXFileReference; lastKnownFileType = sourcecode.swift; path = Features/History/HistoryView.swift; sourceTree = "<group>"; };
		7F0FC16C510346DFA6FBFAFB /* Features/Home/HomeView.swift */ = {isa = PBXFileReference; lastKnownFileType = sourcecode.swift; path = Features/Home/HomeView.swift; sourceTree = "<group>"; };
		11A12BAA4D7743A18C002A6F /* Features/Onboarding/HealthKitIntroView.swift */ = {isa = PBXFileReference; lastKnownFileType = sourcecode.swift; path = Features/Onboarding/HealthKitIntroView.swift; sourceTree = "<group>"; };
		1AF96F64E35C465E817377DA /* Features/Onboarding/HealthKitPermissionStateView.swift */ = {isa = PBXFileReference; lastKnownFileType = sourcecode.swift; path = Features/Onboarding/HealthKitPermissionStateView.swift; sourceTree = "<group>"; };
		88A827857C164F5B8277825F /* Features/Onboarding/ManualConditionInputView.swift */ = {isa = PBXFileReference; lastKnownFileType = sourcecode.swift; path = Features/Onboarding/ManualConditionInputView.swift; sourceTree = "<group>"; };
		1D8FE7C3E72F44688E6BC0B3 /* Features/RoutineFocus/RoutineFocusView.swift */ = {isa = PBXFileReference; lastKnownFileType = sourcecode.swift; path = Features/RoutineFocus/RoutineFocusView.swift; sourceTree = "<group>"; };
		27C385847A774237AA77A2E2 /* Features/RoutineSetup/RoutineSetupView.swift */ = {isa = PBXFileReference; lastKnownFileType = sourcecode.swift; path = Features/RoutineSetup/RoutineSetupView.swift; sourceTree = "<group>"; };
		C5CBC6F2210A4493B9B16B86 /* Features/RoutineSetup/RoutineTemplateSelectionView.swift */ = {isa = PBXFileReference; lastKnownFileType = sourcecode.swift; path = Features/RoutineSetup/RoutineTemplateSelectionView.swift; sourceTree = "<group>"; };
		9EFA84BD978A4CE5B2EA5B30 /* Features/RoutineSetup/TaskEditorView.swift */ = {isa = PBXFileReference; lastKnownFileType = sourcecode.swift; path = Features/RoutineSetup/TaskEditorView.swift; sourceTree = "<group>"; };
		9ACE988F7A9349EE83B08C49 /* Features/Settings/ErrorReportView.swift */ = {isa = PBXFileReference; lastKnownFileType = sourcecode.swift; path = Features/Settings/ErrorReportView.swift; sourceTree = "<group>"; };
		3C2C29A6274A4D64B223CE65 /* Features/Settings/FeatureRequestView.swift */ = {isa = PBXFileReference; lastKnownFileType = sourcecode.swift; path = Features/Settings/FeatureRequestView.swift; sourceTree = "<group>"; };
		FB1BE152924141BF84EAF93E /* Features/Settings/PrivacyDataView.swift */ = {isa = PBXFileReference; lastKnownFileType = sourcecode.swift; path = Features/Settings/PrivacyDataView.swift; sourceTree = "<group>"; };
		70F5CE02118D49F5853BC4B6 /* Features/Settings/SettingsView.swift */ = {isa = PBXFileReference; lastKnownFileType = sourcecode.swift; path = Features/Settings/SettingsView.swift; sourceTree = "<group>"; };
		3DAEEE3312624907AA3D3777 /* Features/Shared/PlaceholderScreen.swift */ = {isa = PBXFileReference; lastKnownFileType = sourcecode.swift; path = Features/Shared/PlaceholderScreen.swift; sourceTree = "<group>"; };
		9812CFD5888A415A975BCE8C /* Features/SleepReport/SleepReportView.swift */ = {isa = PBXFileReference; lastKnownFileType = sourcecode.swift; path = Features/SleepReport/SleepReportView.swift; sourceTree = "<group>"; };
/* End PBXFileReference section */

/* Begin PBXFrameworksBuildPhase section */
		1E802BC04C8749F18C858FD8 /* Frameworks */ = {
			isa = PBXFrameworksBuildPhase;
			buildActionMask = 2147483647;
			files = (
			);
			runOnlyForDeploymentPostprocessing = 0;
		};
/* End PBXFrameworksBuildPhase section */

/* Begin PBXGroup section */
		09BA10054C5F4C6BBBE30B57 = {
			isa = PBXGroup;
			children = (
				8D4BC0D8CCBF4DD3BA1AC2BA /* Smoru */,
				540EBFED964149C39BE1BDF4 /* Products */,
			);
			sourceTree = "<group>";
		};
		8D4BC0D8CCBF4DD3BA1AC2BA /* Smoru */ = {
			isa = PBXGroup;
			children = (
				E5D24C63FE734D6A80013928 /* App/AppDependenciesEnvironment.swift */,
				4757BBB8859840C480DF05A3 /* App/AppDependencyContainer.swift */,
				80CBE189DD94428E9652B6B4 /* App/AppRoute.swift */,
				47C233F333004D90A3C77122 /* App/AppRouter.swift */,
				39BD7EBE9E794B329C528CDF /* App/AppState.swift */,
				0E6AD5D3ACE244788B507364 /* App/SmoruApp.swift */,
				214A8F3415A6445E8A800F72 /* App/SmoruRootView.swift */,
				0D69C554BC1F4E9987DF7967 /* Core/Auth/AuthManager.swift */,
				665F7844AD984836BA225DE9 /* Core/Firebase/FirebaseClient.swift */,
				96A5DF47A82D414C9BADB338 /* Core/HealthKit/HealthKitManager.swift */,
				3ADE7CB9D5084E2FBB2E0C1F /* Core/Logging/AppLogger.swift */,
				AF600771BE7B4E97B3A4A01D /* Core/Notifications/NotificationManager.swift */,
				DAA7939A581546AA982CC382 /* Core/Security/KeychainStore.swift */,
				B3B2F62DCFFD4D23A541F053 /* Data/Models/DailySleepSummaryModel.swift */,
				6DDEB7CC9C6945C6B53F4057 /* Data/Models/ManualConditionInputModel.swift */,
				EF1DE0CE413643E08BE1F2F6 /* Data/Models/NightChecklistItemModel.swift */,
				C0ADDDC0B2B4409985085126 /* Data/Models/NightChecklistRecordModel.swift */,
				94F75B45D2D0456E8E87B024 /* Data/Models/RoutineModeVariantModel.swift */,
				4D3A54BF0E1A4325B622A340 /* Data/Models/RoutineSessionModel.swift */,
				19F1AECCED74462390F0BAD9 /* Data/Models/RoutineTaskModel.swift */,
				DB275965DA8D4AB1A8FE20E4 /* Data/Models/RoutineTaskRecordModel.swift */,
				86D1F35B9532469EB3F2ED0C /* Data/Models/RoutineTemplateModel.swift */,
				F4736787BE5C49F695C48CD8 /* Data/Models/SleepConditionScoreModel.swift */,
				BB1260CC726F4B6F91B07EE4 /* Data/Models/SleepFragmentParametersModel.swift */,
				12E6F806E4A44A90BEA074AB /* Data/Models/UserSettingsModel.swift */,
				EF52F84AF7354E8382E2566D /* DesignSystem/Colors.swift */,
				ABA5A6D41F16417EA7B8ECFD /* DesignSystem/Components/PrimaryButton.swift */,
				6A024C22F7134B74A4B52993 /* DesignSystem/SleepFragmentView.swift */,
				3F269490A064464F9B2B1F5D /* DesignSystem/Typography.swift */,
				A92EAEC86D0A407FA0448A89 /* Domain/Routine/RoutineDomainTypes.swift */,
				F96FAAB22DEC4668A7BE31DC /* Domain/Routine/RoutineModeEngine.swift */,
				F4F9E58AE5CF438BA404F021 /* Domain/Routine/RoutineScheduleEngine.swift */,
				DC74CF1226E6472AB6DD3FD3 /* Domain/Routine/RoutineSessionEngine.swift */,
				EAB3E596B9FC439F8D12BE46 /* Domain/SampleData/DomainSampleData.swift */,
				4D847F3D7BC9464183E5C96A /* Domain/Shared/DomainEnums.swift */,
				3FA7567E9C1D48A5A96041E5 /* Domain/Sleep/SleepConditionScoreEngine.swift */,
				4EEFC9155CAE4E3A9021FB7C /* Domain/Sleep/SleepDomainTypes.swift */,
				D819246A12A9461EAAECD08F /* Domain/Sleep/SleepFragmentParameterEngine.swift */,
				701E8CF9BACB42DD9C6D4192 /* Features/Entry/EntryView.swift */,
				5E7D5E8F3D9448BFA460B885 /* Features/Entry/TrialHomeView.swift */,
				C2A508DA823345A49941EC73 /* Features/History/DateDetailView.swift */,
				33B36BC035F54EE4AAF751B5 /* Features/History/HistoryView.swift */,
				7F0FC16C510346DFA6FBFAFB /* Features/Home/HomeView.swift */,
				11A12BAA4D7743A18C002A6F /* Features/Onboarding/HealthKitIntroView.swift */,
				1AF96F64E35C465E817377DA /* Features/Onboarding/HealthKitPermissionStateView.swift */,
				88A827857C164F5B8277825F /* Features/Onboarding/ManualConditionInputView.swift */,
				1D8FE7C3E72F44688E6BC0B3 /* Features/RoutineFocus/RoutineFocusView.swift */,
				27C385847A774237AA77A2E2 /* Features/RoutineSetup/RoutineSetupView.swift */,
				C5CBC6F2210A4493B9B16B86 /* Features/RoutineSetup/RoutineTemplateSelectionView.swift */,
				9EFA84BD978A4CE5B2EA5B30 /* Features/RoutineSetup/TaskEditorView.swift */,
				9ACE988F7A9349EE83B08C49 /* Features/Settings/ErrorReportView.swift */,
				3C2C29A6274A4D64B223CE65 /* Features/Settings/FeatureRequestView.swift */,
				FB1BE152924141BF84EAF93E /* Features/Settings/PrivacyDataView.swift */,
				70F5CE02118D49F5853BC4B6 /* Features/Settings/SettingsView.swift */,
				3DAEEE3312624907AA3D3777 /* Features/Shared/PlaceholderScreen.swift */,
				9812CFD5888A415A975BCE8C /* Features/SleepReport/SleepReportView.swift */,
			);
			path = Smoru;
			sourceTree = "<group>";
		};
		540EBFED964149C39BE1BDF4 /* Products */ = {
			isa = PBXGroup;
			children = (
				E9062F9CB5A04C7BBDAB5C9F /* Smoru.app */,
			);
			name = Products;
			sourceTree = "<group>";
		};
/* End PBXGroup section */

/* Begin PBXNativeTarget section */
		A5A675689B2A469193890124 /* Smoru */ = {
			isa = PBXNativeTarget;
			buildConfigurationList = 6D35A43011D041CA8AF7CCC5 /* Build configuration list for PBXNativeTarget \"Smoru\" */;
			buildPhases = (
				B45AFEC6A3664FA1AB07A9B1 /* Sources */,
				1E802BC04C8749F18C858FD8 /* Frameworks */,
				71D9FD94190F40479BE25F87 /* Resources */,
			);
			buildRules = (
			);
			dependencies = (
			);
			name = Smoru;
			productName = Smoru;
			productReference = E9062F9CB5A04C7BBDAB5C9F /* Smoru.app */;
			productType = "com.apple.product-type.application";
		};
/* End PBXNativeTarget section */

/* Begin PBXProject section */
		8753B4D728B54184BE41BFFA /* Project object */ = {
			isa = PBXProject;
			attributes = {
				BuildIndependentTargetsInParallel = 1;
				LastSwiftUpdateCheck = 1600;
				LastUpgradeCheck = 1600;
				TargetAttributes = {
					A5A675689B2A469193890124 = {
						CreatedOnToolsVersion = 16.0;
					};
				};
			};
			buildConfigurationList = 61E63EC8E3034EC68D899A8B /* Build configuration list for PBXProject \"Smoru\" */;
			compatibilityVersion = "Xcode 15.0";
			developmentRegion = en;
			hasScannedForEncodings = 0;
			knownRegions = (en, Base);
			mainGroup = 09BA10054C5F4C6BBBE30B57;
			productRefGroup = 540EBFED964149C39BE1BDF4 /* Products */;
			projectDirPath = "";
			projectRoot = "";
			targets = (
				A5A675689B2A469193890124 /* Smoru */,
			);
		};
/* End PBXProject section */

/* Begin PBXResourcesBuildPhase section */
		71D9FD94190F40479BE25F87 /* Resources */ = {
			isa = PBXResourcesBuildPhase;
			buildActionMask = 2147483647;
			files = (
			);
			runOnlyForDeploymentPostprocessing = 0;
		};
/* End PBXResourcesBuildPhase section */

/* Begin PBXSourcesBuildPhase section */
		B45AFEC6A3664FA1AB07A9B1 /* Sources */ = {
			isa = PBXSourcesBuildPhase;
			buildActionMask = 2147483647;
			files = (
				50437C5E9F414F0BAB8D38AC /* App/AppDependenciesEnvironment.swift in Sources */,
				E07953F7A0814B81816271E9 /* App/AppDependencyContainer.swift in Sources */,
				236387E4D69C4EDFA7EB8DBE /* App/AppRoute.swift in Sources */,
				159109549EC94604A77998F3 /* App/AppRouter.swift in Sources */,
				9428FE9F81F444D191765A39 /* App/AppState.swift in Sources */,
				ECB3FA1F88C94CBC8B355D47 /* App/SmoruApp.swift in Sources */,
				50B5D915EAF74085AF07DB24 /* App/SmoruRootView.swift in Sources */,
				ADB9123EACBC49108DCF3D14 /* Core/Auth/AuthManager.swift in Sources */,
				DAC40706B3C84E3A9802B868 /* Core/Firebase/FirebaseClient.swift in Sources */,
				769FE21A7AC24F4F99B09EFB /* Core/HealthKit/HealthKitManager.swift in Sources */,
				F3A3EF24C5DE4EF883C74C2D /* Core/Logging/AppLogger.swift in Sources */,
				42F5F26D60334C15ADC8E76C /* Core/Notifications/NotificationManager.swift in Sources */,
				9E22E7C2CBB94B8191054F90 /* Core/Security/KeychainStore.swift in Sources */,
				DD0D16147A9E47BDAEC3FFB8 /* Data/Models/DailySleepSummaryModel.swift in Sources */,
				9713746A13DA4DF7B2922EB2 /* Data/Models/ManualConditionInputModel.swift in Sources */,
				4C79335A1FB14DB692CC9297 /* Data/Models/NightChecklistItemModel.swift in Sources */,
				06F0C049C43F4EFA9B13A35A /* Data/Models/NightChecklistRecordModel.swift in Sources */,
				FF8CA33D13D54E159AC98155 /* Data/Models/RoutineModeVariantModel.swift in Sources */,
				F0F989F9CE7040B8BC656567 /* Data/Models/RoutineSessionModel.swift in Sources */,
				B8A849A6191F417F9CAAFCEB /* Data/Models/RoutineTaskModel.swift in Sources */,
				16242470E14B4D45AEBCB769 /* Data/Models/RoutineTaskRecordModel.swift in Sources */,
				C8333141177B4527BF9061DC /* Data/Models/RoutineTemplateModel.swift in Sources */,
				860EEA4213384D2DB1A9DABB /* Data/Models/SleepConditionScoreModel.swift in Sources */,
				4E64637BC4734DF5BD845E4C /* Data/Models/SleepFragmentParametersModel.swift in Sources */,
				2B74CF18A93D4AF8A059C80E /* Data/Models/UserSettingsModel.swift in Sources */,
				C490D212166041D8AC15A9E6 /* DesignSystem/Colors.swift in Sources */,
				104622701A724417A56D457E /* DesignSystem/Components/PrimaryButton.swift in Sources */,
				447518682E1B4994A8230FCF /* DesignSystem/SleepFragmentView.swift in Sources */,
				BC29741532A64EA8BEF3F0F6 /* DesignSystem/Typography.swift in Sources */,
				8FE7923DA79344E7921FFD2E /* Domain/Routine/RoutineDomainTypes.swift in Sources */,
				430554C3B381402D92B8F0F2 /* Domain/Routine/RoutineModeEngine.swift in Sources */,
				91DC3D465C4643AF94A243AD /* Domain/Routine/RoutineScheduleEngine.swift in Sources */,
				3DA673DC85124DB6BB0FE8DA /* Domain/Routine/RoutineSessionEngine.swift in Sources */,
				8F1A9DBCD3BC4DD7ACB3C8B8 /* Domain/SampleData/DomainSampleData.swift in Sources */,
				160B50CC2F5A43BE84DEB077 /* Domain/Shared/DomainEnums.swift in Sources */,
				427DA148C8444E558ADE9574 /* Domain/Sleep/SleepConditionScoreEngine.swift in Sources */,
				DA69B4A8FCB347328301FEDA /* Domain/Sleep/SleepDomainTypes.swift in Sources */,
				7540A2A0A5EF4DAA98A8EFE1 /* Domain/Sleep/SleepFragmentParameterEngine.swift in Sources */,
				1B94FDD245C04D1BB46E17F8 /* Features/Entry/EntryView.swift in Sources */,
				C49FCEB70D8F4F2A8AB8E86F /* Features/Entry/TrialHomeView.swift in Sources */,
				356DE33095FD442F8EEA3FDC /* Features/History/DateDetailView.swift in Sources */,
				A23CD30A4B0043F895F2300B /* Features/History/HistoryView.swift in Sources */,
				F3A93AC4C4DA441E8B4442CA /* Features/Home/HomeView.swift in Sources */,
				12D40EC29F2C44FFBFEA8631 /* Features/Onboarding/HealthKitIntroView.swift in Sources */,
				308C8B823ABA411891992827 /* Features/Onboarding/HealthKitPermissionStateView.swift in Sources */,
				D112E510E55E4852A9AE06E1 /* Features/Onboarding/ManualConditionInputView.swift in Sources */,
				6F53A09F028845B8B20959F7 /* Features/RoutineFocus/RoutineFocusView.swift in Sources */,
				C0107ECA4586438AAC911A9F /* Features/RoutineSetup/RoutineSetupView.swift in Sources */,
				31082AB9BCF44601B729169F /* Features/RoutineSetup/RoutineTemplateSelectionView.swift in Sources */,
				812160A34C354E2292BC2814 /* Features/RoutineSetup/TaskEditorView.swift in Sources */,
				20586D340F22450685DA0D06 /* Features/Settings/ErrorReportView.swift in Sources */,
				235AF337B4784EB3931CA652 /* Features/Settings/FeatureRequestView.swift in Sources */,
				97BDEE913B424042961B22F6 /* Features/Settings/PrivacyDataView.swift in Sources */,
				6DEDBE7B29A54ABEA615808B /* Features/Settings/SettingsView.swift in Sources */,
				946F24C3DF724262B57D0D1E /* Features/Shared/PlaceholderScreen.swift in Sources */,
				3CFAB138DA8B4774A51490A5 /* Features/SleepReport/SleepReportView.swift in Sources */,
			);
			runOnlyForDeploymentPostprocessing = 0;
		};
/* End PBXSourcesBuildPhase section */

/* Begin XCBuildConfiguration section */
		9A61E73DD67D40D08CEE98BC /* Debug */ = {
			isa = XCBuildConfiguration;
			buildSettings = {
				ALWAYS_SEARCH_USER_PATHS = NO;
				CLANG_ENABLE_MODULES = YES;
				CLANG_ENABLE_OBJC_ARC = YES;
				ENABLE_TESTABILITY = YES;
				GCC_C_LANGUAGE_STANDARD = gnu17;
				IPHONEOS_DEPLOYMENT_TARGET = 17.0;
				SDKROOT = iphoneos;
				SWIFT_VERSION = 5.0;
			};
			name = Debug;
		};
		86CA9CA9AEEE4263A484AB3F /* Release */ = {
			isa = XCBuildConfiguration;
			buildSettings = {
				ALWAYS_SEARCH_USER_PATHS = NO;
				CLANG_ENABLE_MODULES = YES;
				CLANG_ENABLE_OBJC_ARC = YES;
				GCC_C_LANGUAGE_STANDARD = gnu17;
				IPHONEOS_DEPLOYMENT_TARGET = 17.0;
				SDKROOT = iphoneos;
				SWIFT_VERSION = 5.0;
			};
			name = Release;
		};
		6A0BD3F923424C4C8AB33B61 /* Debug */ = {
			isa = XCBuildConfiguration;
			buildSettings = {
				ASSETCATALOG_COMPILER_APPICON_NAME = AppIcon;
				CODE_SIGN_STYLE = Automatic;
				CURRENT_PROJECT_VERSION = 1;
				GENERATE_INFOPLIST_FILE = YES;
				INFOPLIST_KEY_UIApplicationSceneManifest_Generation = YES;
				INFOPLIST_KEY_UIApplicationSupportsIndirectInputEvents = YES;
				INFOPLIST_KEY_UILaunchScreen_Generation = YES;
				IPHONEOS_DEPLOYMENT_TARGET = 17.0;
				LD_RUNPATH_SEARCH_PATHS = ("$(inherited)", "@executable_path/Frameworks");
				MARKETING_VERSION = 1.0;
				PRODUCT_BUNDLE_IDENTIFIER = com.zunghyun.smoru;
				PRODUCT_NAME = "$(TARGET_NAME)";
				SUPPORTED_PLATFORMS = "iphoneos iphonesimulator";
				SWIFT_EMIT_LOC_STRINGS = YES;
				SWIFT_VERSION = 5.0;
				TARGETED_DEVICE_FAMILY = "1,2";
			};
			name = Debug;
		};
		7C25F5BBE36C430596D7AB81 /* Release */ = {
			isa = XCBuildConfiguration;
			buildSettings = {
				ASSETCATALOG_COMPILER_APPICON_NAME = AppIcon;
				CODE_SIGN_STYLE = Automatic;
				CURRENT_PROJECT_VERSION = 1;
				GENERATE_INFOPLIST_FILE = YES;
				INFOPLIST_KEY_UIApplicationSceneManifest_Generation = YES;
				INFOPLIST_KEY_UIApplicationSupportsIndirectInputEvents = YES;
				INFOPLIST_KEY_UILaunchScreen_Generation = YES;
				IPHONEOS_DEPLOYMENT_TARGET = 17.0;
				LD_RUNPATH_SEARCH_PATHS = ("$(inherited)", "@executable_path/Frameworks");
				MARKETING_VERSION = 1.0;
				PRODUCT_BUNDLE_IDENTIFIER = com.zunghyun.smoru;
				PRODUCT_NAME = "$(TARGET_NAME)";
				SUPPORTED_PLATFORMS = "iphoneos iphonesimulator";
				SWIFT_EMIT_LOC_STRINGS = YES;
				SWIFT_VERSION = 5.0;
				TARGETED_DEVICE_FAMILY = "1,2";
			};
			name = Release;
		};
/* End XCBuildConfiguration section */

/* Begin XCConfigurationList section */
		61E63EC8E3034EC68D899A8B /* Build configuration list for PBXProject \"Smoru\" */ = {
			isa = XCConfigurationList;
			buildConfigurations = (
				9A61E73DD67D40D08CEE98BC /* Debug */,
				86CA9CA9AEEE4263A484AB3F /* Release */,
			);
			defaultConfigurationIsVisible = 0;
			defaultConfigurationName = Release;
		};
		6D35A43011D041CA8AF7CCC5 /* Build configuration list for PBXNativeTarget \"Smoru\" */ = {
			isa = XCConfigurationList;
			buildConfigurations = (
				6A0BD3F923424C4C8AB33B61 /* Debug */,
				7C25F5BBE36C430596D7AB81 /* Release */,
			);
			defaultConfigurationIsVisible = 0;
			defaultConfigurationName = Release;
		};
/* End XCConfigurationList section */
	};
	rootObject = 8753B4D728B54184BE41BFFA /* Project object */;
}
